// !$*UTF8*$!
{
	archiveVersion = 1;
	classes = {
	};
	objectVersion = 60;
	objects = {

/* Begin PBXBuildFile section */
		5B6437A72FD20BFA00A0EFD1 /* AppIcon.icon in Resources */ = {isa = PBXBuildFile; fileRef = 5B6437A62FD20BFA00A0EFD1 /* AppIcon.icon */; };
		AABBCCDD00000201AABBCCDD /* WhateverScannerApp.swift in Sources */ = {isa = PBXBuildFile; fileRef = AABBCCDD00000101AABBCCDD /* WhateverScannerApp.swift */; };
		AABBCCDD00000202AABBCCDD /* ContentView.swift in Sources */ = {isa = PBXBuildFile; fileRef = AABBCCDD00000102AABBCCDD /* ContentView.swift */; };
		AABBCCDD00000204AABBCCDD /* Assets.xcassets in Resources */ = {isa = PBXBuildFile; fileRef = AABBCCDD00000104AABBCCDD /* Assets.xcassets */; };
		AABBCCDD00000205AABBCCDD /* WebDAVServer.swift in Sources */ = {isa = PBXBuildFile; fileRef = AABBCCDD00000105AABBCCDD /* WebDAVServer.swift */; };
		AABBCCDD00000206AABBCCDD /* AppSettings.swift in Sources */ = {isa = PBXBuildFile; fileRef = AABBCCDD00000106AABBCCDD /* AppSettings.swift */; };
		AABBCCDD00000207AABBCCDD /* OnboardingView.swift in Sources */ = {isa = PBXBuildFile; fileRef = AABBCCDD00000107AABBCCDD /* OnboardingView.swift */; };
		AABBCCDD00000208AABBCCDD /* MainView.swift in Sources */ = {isa = PBXBuildFile; fileRef = AABBCCDD00000108AABBCCDD /* MainView.swift */; };
		AABBCCDD00000209AABBCCDD /* ScannerView.swift in Sources */ = {isa = PBXBuildFile; fileRef = AABBCCDD00000109AABBCCDD /* ScannerView.swift */; };
		AABBCCDD00000210AABBCCDD /* SettingsView.swift in Sources */ = {isa = PBXBuildFile; fileRef = AABBCCDD00000110AABBCCDD /* SettingsView.swift */; };
		AABBCCDD00000211AABBCCDD /* AddServerView.swift in Sources */ = {isa = PBXBuildFile; fileRef = AABBCCDD00000111AABBCCDD /* AddServerView.swift */; };
		AABBCCDD00000219AABBCCDD /* LaunchScreenView.swift in Sources */ = {isa = PBXBuildFile; fileRef = AABBCCDD00000119AABBCCDD /* LaunchScreenView.swift */; };
		AABBCCDD00000212AABBCCDD /* WebDAVService.swift in Sources */ = {isa = PBXBuildFile; fileRef = AABBCCDD00000112AABBCCDD /* WebDAVService.swift */; };
		AABBCCDD00000213AABBCCDD /* PDFService.swift in Sources */ = {isa = PBXBuildFile; fileRef = AABBCCDD00000113AABBCCDD /* PDFService.swift */; };
		AABBCCDD00000214AABBCCDD /* WhateverScannerTests.swift in Sources */ = {isa = PBXBuildFile; fileRef = AABBCCDD00000114AABBCCDD /* WhateverScannerTests.swift */; };
		AABBCCDD00000215AABBCCDD /* KeychainService.swift in Sources */ = {isa = PBXBuildFile; fileRef = AABBCCDD00000115AABBCCDD /* KeychainService.swift */; };
		AABBCCDD00000216AABBCCDD /* Localizable.xcstrings in Resources */ = {isa = PBXBuildFile; fileRef = AABBCCDD00000116AABBCCDD /* Localizable.xcstrings */; };
		AABBCCDD00000217AABBCCDD /* OCRService.swift in Sources */ = {isa = PBXBuildFile; fileRef = AABBCCDD00000117AABBCCDD /* OCRService.swift */; };
		AABBCCDD00000218AABBCCDD /* ScanPreviewView.swift in Sources */ = {isa = PBXBuildFile; fileRef = AABBCCDD00000118AABBCCDD /* ScanPreviewView.swift */; };
/* End PBXBuildFile section */

/* Begin PBXContainerItemProxy section */
		AABBCCDD00000601AABBCCDD /* PBXContainerItemProxy */ = {
			isa = PBXContainerItemProxy;
			containerPortal = AABBCCDD00000001AABBCCDD /* Project object */;
			proxyType = 1;
			remoteGlobalIDString = AABBCCDD00000002AABBCCDD;
			remoteInfo = WhateverScanner;
		};
/* End PBXContainerItemProxy section */

/* Begin PBXFileReference section */
		5B6437A62FD20BFA00A0EFD1 /* AppIcon.icon */ = {isa = PBXFileReference; lastKnownFileType = folder.iconcomposer.icon; path = AppIcon.icon; sourceTree = "<group>"; };
		AABBCCDD00000004AABBCCDD /* WhateverScanner.app */ = {isa = PBXFileReference; explicitFileType = wrapper.application; includeInIndex = 0; path = WhateverScanner.app; sourceTree = BUILT_PRODUCTS_DIR; };
		AABBCCDD00000005AABBCCDD /* WhateverScannerTests.xctest */ = {isa = PBXFileReference; explicitFileType = wrapper.cfbundle; includeInIndex = 0; path = WhateverScannerTests.xctest; sourceTree = BUILT_PRODUCTS_DIR; };
		AABBCCDD00000101AABBCCDD /* WhateverScannerApp.swift */ = {isa = PBXFileReference; lastKnownFileType = sourcecode.swift; path = WhateverScannerApp.swift; sourceTree = "<group>"; };
		AABBCCDD00000102AABBCCDD /* ContentView.swift */ = {isa = PBXFileReference; lastKnownFileType = sourcecode.swift; path = ContentView.swift; sourceTree = "<group>"; };
		AABBCCDD00000103AABBCCDD /* Info.plist */ = {isa = PBXFileReference; lastKnownFileType = text.plist.xml; path = Info.plist; sourceTree = "<group>"; };
		AABBCCDD00000104AABBCCDD /* Assets.xcassets */ = {isa = PBXFileReference; lastKnownFileType = folder.assetcatalog; path = Assets.xcassets; sourceTree = "<group>"; };
		AABBCCDD00000105AABBCCDD /* WebDAVServer.swift */ = {isa = PBXFileReference; lastKnownFileType = sourcecode.swift; path = WebDAVServer.swift; sourceTree = "<group>"; };
		AABBCCDD00000106AABBCCDD /* AppSettings.swift */ = {isa = PBXFileReference; lastKnownFileType = sourcecode.swift; path = AppSettings.swift; sourceTree = "<group>"; };
		AABBCCDD00000107AABBCCDD /* OnboardingView.swift */ = {isa = PBXFileReference; lastKnownFileType = sourcecode.swift; path = OnboardingView.swift; sourceTree = "<group>"; };
		AABBCCDD00000108AABBCCDD /* MainView.swift */ = {isa = PBXFileReference; lastKnownFileType = sourcecode.swift; path = MainView.swift; sourceTree = "<group>"; };
		AABBCCDD00000109AABBCCDD /* ScannerView.swift */ = {isa = PBXFileReference; lastKnownFileType = sourcecode.swift; path = ScannerView.swift; sourceTree = "<group>"; };
		AABBCCDD00000110AABBCCDD /* SettingsView.swift */ = {isa = PBXFileReference; lastKnownFileType = sourcecode.swift; path = SettingsView.swift; sourceTree = "<group>"; };
		AABBCCDD00000111AABBCCDD /* AddServerView.swift */ = {isa = PBXFileReference; lastKnownFileType = sourcecode.swift; path = AddServerView.swift; sourceTree = "<group>"; };
		AABBCCDD00000119AABBCCDD /* LaunchScreenView.swift */ = {isa = PBXFileReference; lastKnownFileType = sourcecode.swift; path = LaunchScreenView.swift; sourceTree = "<group>"; };
		AABBCCDD00000112AABBCCDD /* WebDAVService.swift */ = {isa = PBXFileReference; lastKnownFileType = sourcecode.swift; path = WebDAVService.swift; sourceTree = "<group>"; };
		AABBCCDD00000113AABBCCDD /* PDFService.swift */ = {isa = PBXFileReference; lastKnownFileType = sourcecode.swift; path = PDFService.swift; sourceTree = "<group>"; };
		AABBCCDD00000114AABBCCDD /* WhateverScannerTests.swift */ = {isa = PBXFileReference; lastKnownFileType = sourcecode.swift; path = WhateverScannerTests.swift; sourceTree = "<group>"; };
		AABBCCDD00000115AABBCCDD /* KeychainService.swift */ = {isa = PBXFileReference; lastKnownFileType = sourcecode.swift; path = KeychainService.swift; sourceTree = "<group>"; };
		AABBCCDD00000116AABBCCDD /* Localizable.xcstrings */ = {isa = PBXFileReference; lastKnownFileType = text.json.xcstrings; path = Localizable.xcstrings; sourceTree = "<group>"; };
		AABBCCDD00000117AABBCCDD /* OCRService.swift */ = {isa = PBXFileReference; lastKnownFileType = sourcecode.swift; path = OCRService.swift; sourceTree = "<group>"; };
		AABBCCDD00000118AABBCCDD /* ScanPreviewView.swift */ = {isa = PBXFileReference; lastKnownFileType = sourcecode.swift; path = ScanPreviewView.swift; sourceTree = "<group>"; };
/* End PBXFileReference section */

/* Begin PBXFrameworksBuildPhase section */
		AABBCCDD00000403AABBCCDD /* Frameworks */ = {
			isa = PBXFrameworksBuildPhase;
			buildActionMask = 2147483647;
			files = (
			);
			runOnlyForDeploymentPostprocessing = 0;
		};
		AABBCCDD00000405AABBCCDD /* Frameworks */ = {
			isa = PBXFrameworksBuildPhase;
			buildActionMask = 2147483647;
			files = (
			);
			runOnlyForDeploymentPostprocessing = 0;
		};
/* End PBXFrameworksBuildPhase section */

/* Begin PBXGroup section */
		AABBCCDD00000301AABBCCDD = {
			isa = PBXGroup;
			children = (
				AABBCCDD00000302AABBCCDD /* WhateverScanner */,
				AABBCCDD00000307AABBCCDD /* WhateverScannerTests */,
				AABBCCDD00000306AABBCCDD /* Products */,
			);
			sourceTree = "<group>";
		};
		AABBCCDD00000302AABBCCDD /* WhateverScanner */ = {
			isa = PBXGroup;
			children = (
				AABBCCDD00000101AABBCCDD /* WhateverScannerApp.swift */,
				AABBCCDD00000102AABBCCDD /* ContentView.swift */,
				AABBCCDD00000303AABBCCDD /* Models */,
				AABBCCDD00000304AABBCCDD /* Views */,
				AABBCCDD00000305AABBCCDD /* Services */,
				AABBCCDD00000104AABBCCDD /* Assets.xcassets */,
				5B6437A62FD20BFA00A0EFD1 /* AppIcon.icon */,
				AABBCCDD00000116AABBCCDD /* Localizable.xcstrings */,
				AABBCCDD00000103AABBCCDD /* Info.plist */,
			);
			path = WhateverScanner;
			sourceTree = "<group>";
		};
		AABBCCDD00000303AABBCCDD /* Models */ = {
			isa = PBXGroup;
			children = (
				AABBCCDD00000105AABBCCDD /* WebDAVServer.swift */,
				AABBCCDD00000106AABBCCDD /* AppSettings.swift */,
			);
			path = Models;
			sourceTree = "<group>";
		};
		AABBCCDD00000304AABBCCDD /* Views */ = {
			isa = PBXGroup;
			children = (
				AABBCCDD00000107AABBCCDD /* OnboardingView.swift */,
				AABBCCDD00000108AABBCCDD /* MainView.swift */,
				AABBCCDD00000109AABBCCDD /* ScannerView.swift */,
				AABBCCDD00000110AABBCCDD /* SettingsView.swift */,
				AABBCCDD00000111AABBCCDD /* AddServerView.swift */,
				AABBCCDD00000119AABBCCDD /* LaunchScreenView.swift */,
				AABBCCDD00000118AABBCCDD /* ScanPreviewView.swift */,
			);
			path = Views;
			sourceTree = "<group>";
		};
		AABBCCDD00000305AABBCCDD /* Services */ = {
			isa = PBXGroup;
			children = (
				AABBCCDD00000112AABBCCDD /* WebDAVService.swift */,
				AABBCCDD00000113AABBCCDD /* PDFService.swift */,
				AABBCCDD00000115AABBCCDD /* KeychainService.swift */,
				AABBCCDD00000117AABBCCDD /* OCRService.swift */,
			);
			path = Services;
			sourceTree = "<group>";
		};
		AABBCCDD00000306AABBCCDD /* Products */ = {
			isa = PBXGroup;
			children = (
				AABBCCDD00000004AABBCCDD /* WhateverScanner.app */,
				AABBCCDD00000005AABBCCDD /* WhateverScannerTests.xctest */,
			);
			name = Products;
			sourceTree = "<group>";
		};
		AABBCCDD00000307AABBCCDD /* WhateverScannerTests */ = {
			isa = PBXGroup;
			children = (
				AABBCCDD00000114AABBCCDD /* WhateverScannerTests.swift */,
			);
			path = WhateverScannerTests;
			sourceTree = "<group>";
		};
/* End PBXGroup section */

/* Begin PBXNativeTarget section */
		AABBCCDD00000002AABBCCDD /* WhateverScanner */ = {
			isa = PBXNativeTarget;
			buildConfigurationList = AABBCCDD00000507AABBCCDD /* Build configuration list for PBXNativeTarget "WhateverScanner" */;
			buildPhases = (
				AABBCCDD00000401AABBCCDD /* Sources */,
				AABBCCDD00000402AABBCCDD /* Resources */,
				AABBCCDD00000403AABBCCDD /* Frameworks */,
			);
			buildRules = (
			);
			dependencies = (
			);
			name = WhateverScanner;
			productName = WhateverScanner;
			productReference = AABBCCDD00000004AABBCCDD /* WhateverScanner.app */;
			productType = "com.apple.product-type.application";
		};
		AABBCCDD00000003AABBCCDD /* WhateverScannerTests */ = {
			isa = PBXNativeTarget;
			buildConfigurationList = AABBCCDD00000509AABBCCDD /* Build configuration list for PBXNativeTarget "WhateverScannerTests" */;
			buildPhases = (
				AABBCCDD00000404AABBCCDD /* Sources */,
				AABBCCDD00000405AABBCCDD /* Frameworks */,
			);
			buildRules = (
			);
			dependencies = (
				AABBCCDD00000602AABBCCDD /* PBXTargetDependency */,
			);
			name = WhateverScannerTests;
			productName = WhateverScannerTests;
			productReference = AABBCCDD00000005AABBCCDD /* WhateverScannerTests.xctest */;
			productType = "com.apple.product-type.bundle.unit-test";
		};
/* End PBXNativeTarget section */

/* Begin PBXProject section */
		AABBCCDD00000001AABBCCDD /* Project object */ = {
			isa = PBXProject;
			attributes = {
				BuildIndependentTargetsInParallel = 1;
				LastSwiftUpdateCheck = 1600;
				LastUpgradeCheck = 1600;
				TargetAttributes = {
					AABBCCDD00000002AABBCCDD = {
						CreatedOnToolsVersion = 16.0;
					};
					AABBCCDD00000003AABBCCDD = {
						CreatedOnToolsVersion = 16.0;
						TestTargetID = AABBCCDD00000002AABBCCDD;
					};
				};
			};
			buildConfigurationList = AABBCCDD00000508AABBCCDD /* Build configuration list for PBXProject "WhateverScanner" */;
			compatibilityVersion = "Xcode 15.0";
			developmentRegion = en;
			hasScannedForEncodings = 0;
			knownRegions = (
				en,
				Base,
				de,
			);
			mainGroup = AABBCCDD00000301AABBCCDD;
			productRefGroup = AABBCCDD00000306AABBCCDD /* Products */;
			projectDirPath = "";
			projectRoot = "";
			targets = (
				AABBCCDD00000002AABBCCDD /* WhateverScanner */,
				AABBCCDD00000003AABBCCDD /* WhateverScannerTests */,
			);
		};
/* End PBXProject section */

/* Begin PBXResourcesBuildPhase section */
		AABBCCDD00000402AABBCCDD /* Resources */ = {
			isa = PBXResourcesBuildPhase;
			buildActionMask = 2147483647;
			files = (
				AABBCCDD00000204AABBCCDD /* Assets.xcassets in Resources */,
				AABBCCDD00000216AABBCCDD /* Localizable.xcstrings in Resources */,
				5B6437A72FD20BFA00A0EFD1 /* AppIcon.icon in Resources */,
			);
			runOnlyForDeploymentPostprocessing = 0;
		};
/* End PBXResourcesBuildPhase section */

/* Begin PBXSourcesBuildPhase section */
		AABBCCDD00000401AABBCCDD /* Sources */ = {
			isa = PBXSourcesBuildPhase;
			buildActionMask = 2147483647;
			files = (
				AABBCCDD00000201AABBCCDD /* WhateverScannerApp.swift in Sources */,
				AABBCCDD00000202AABBCCDD /* ContentView.swift in Sources */,
				AABBCCDD00000205AABBCCDD /* WebDAVServer.swift in Sources */,
				AABBCCDD00000206AABBCCDD /* AppSettings.swift in Sources */,
				AABBCCDD00000207AABBCCDD /* OnboardingView.swift in Sources */,
				AABBCCDD00000208AABBCCDD /* MainView.swift in Sources */,
				AABBCCDD00000209AABBCCDD /* ScannerView.swift in Sources */,
				AABBCCDD00000210AABBCCDD /* SettingsView.swift in Sources */,
				AABBCCDD00000211AABBCCDD /* AddServerView.swift in Sources */,
				AABBCCDD00000219AABBCCDD /* LaunchScreenView.swift in Sources */,
				AABBCCDD00000212AABBCCDD /* WebDAVService.swift in Sources */,
				AABBCCDD00000213AABBCCDD /* PDFService.swift in Sources */,
				AABBCCDD00000215AABBCCDD /* KeychainService.swift in Sources */,
				AABBCCDD00000217AABBCCDD /* OCRService.swift in Sources */,
				AABBCCDD00000218AABBCCDD /* ScanPreviewView.swift in Sources */,
			);
			runOnlyForDeploymentPostprocessing = 0;
		};
		AABBCCDD00000404AABBCCDD /* Sources */ = {
			isa = PBXSourcesBuildPhase;
			buildActionMask = 2147483647;
			files = (
				AABBCCDD00000214AABBCCDD /* WhateverScannerTests.swift in Sources */,
			);
			runOnlyForDeploymentPostprocessing = 0;
		};
/* End PBXSourcesBuildPhase section */

/* Begin PBXTargetDependency section */
		AABBCCDD00000602AABBCCDD /* PBXTargetDependency */ = {
			isa = PBXTargetDependency;
			target = AABBCCDD00000002AABBCCDD /* WhateverScanner */;
			targetProxy = AABBCCDD00000601AABBCCDD /* PBXContainerItemProxy */;
		};
/* End PBXTargetDependency section */

/* Begin XCBuildConfiguration section */
		AABBCCDD00000501AABBCCDD /* Debug */ = {
			isa = XCBuildConfiguration;
			buildSettings = {
				ASSETCATALOG_COMPILER_APPICON_NAME = AppIcon;
				ASSETCATALOG_COMPILER_GLOBAL_ACCENT_COLOR_NAME = AccentColor;
				ASSETCATALOG_COMPILER_INCLUDE_ALL_APPICON_ASSETS = NO;
				CODE_SIGN_STYLE = Automatic;
				CURRENT_PROJECT_VERSION = 1;
				DEVELOPMENT_ASSET_PATHS = "";
				DEVELOPMENT_TEAM = UJR28ZV94C;
				ENABLE_PREVIEWS = YES;
				GENERATE_INFOPLIST_FILE = NO;
				INFOPLIST_FILE = WhateverScanner/Info.plist;
				INFOPLIST_KEY_CFBundleDisplayName = WhateverScanner;
				INFOPLIST_KEY_LSApplicationCategoryType = "public.app-category.utilities";
				IPHONEOS_DEPLOYMENT_TARGET = 18.6;
				LD_RUNPATH_SEARCH_PATHS = (
					"$(inherited)",
					"@executable_path/Frameworks",
				);
				MARKETING_VERSION = 1.0;
				PRODUCT_BUNDLE_IDENTIFIER = "de.marc-hein.whateverscanner";
				PRODUCT_NAME = "$(TARGET_NAME)";
				SUPPORTED_PLATFORMS = "iphoneos iphonesimulator";
				SUPPORTS_MACCATALYST = NO;
				SUPPORTS_MAC_DESIGNED_FOR_IPHONE_IPAD = NO;
				SUPPORTS_XR_DESIGNED_FOR_IPHONE_IPAD = NO;
				SWIFT_EMIT_LOC_STRINGS = YES;
				SWIFT_VERSION = 5.0;
				TARGETED_DEVICE_FAMILY = 1;
			};
			name = Debug;
		};
		AABBCCDD00000502AABBCCDD /* Release */ = {
			isa = XCBuildConfiguration;
			buildSettings = {
				ASSETCATALOG_COMPILER_APPICON_NAME = AppIcon;
				ASSETCATALOG_COMPILER_GLOBAL_ACCENT_COLOR_NAME = AccentColor;
				ASSETCATALOG_COMPILER_INCLUDE_ALL_APPICON_ASSETS = NO;
				CODE_SIGN_STYLE = Automatic;
				CURRENT_PROJECT_VERSION = 1;
				DEVELOPMENT_ASSET_PATHS = "";
				DEVELOPMENT_TEAM = UJR28ZV94C;
				ENABLE_PREVIEWS = YES;
				GENERATE_INFOPLIST_FILE = NO;
				INFOPLIST_FILE = WhateverScanner/Info.plist;
				INFOPLIST_KEY_CFBundleDisplayName = WhateverScanner;
				INFOPLIST_KEY_LSApplicationCategoryType = "public.app-category.utilities";
				IPHONEOS_DEPLOYMENT_TARGET = 18.6;
				LD_RUNPATH_SEARCH_PATHS = (
					"$(inherited)",
					"@executable_path/Frameworks",
				);
				MARKETING_VERSION = 1.0;
				PRODUCT_BUNDLE_IDENTIFIER = "de.marc-hein.whateverscanner";
				PRODUCT_NAME = "$(TARGET_NAME)";
				SUPPORTED_PLATFORMS = "iphoneos iphonesimulator";
				SUPPORTS_MACCATALYST = NO;
				SUPPORTS_MAC_DESIGNED_FOR_IPHONE_IPAD = NO;
				SUPPORTS_XR_DESIGNED_FOR_IPHONE_IPAD = NO;
				SWIFT_EMIT_LOC_STRINGS = YES;
				SWIFT_VERSION = 5.0;
				TARGETED_DEVICE_FAMILY = 1;
			};
			name = Release;
		};
		AABBCCDD00000503AABBCCDD /* Debug */ = {
			isa = XCBuildConfiguration;
			buildSettings = {
				ALWAYS_SEARCH_USER_PATHS = NO;
				ASSETCATALOG_COMPILER_GENERATE_SWIFT_ASSET_SYMBOL_EXTENSIONS = YES;
				CLANG_ANALYZER_NONNULL = YES;
				CLANG_ANALYZER_NUMBER_OBJECT_CONVERSION = YES_AGGRESSIVE;
				CLANG_CXX_LANGUAGE_STANDARD = "gnu++20";
				CLANG_ENABLE_MODULES = YES;
				CLANG_ENABLE_OBJC_ARC = YES;
				CLANG_ENABLE_OBJC_WEAK = YES;
				CLANG_WARN_BLOCK_CAPTURE_AUTORELEASING = YES;
				CLANG_WARN_BOOL_CONVERSION = YES;
				CLANG_WARN_COMMA = YES;
				CLANG_WARN_CONSTANT_CONVERSION = YES;
				CLANG_WARN_DEPRECATED_OBJC_IMPLEMENTATIONS = YES;
				CLANG_WARN_DIRECT_OBJC_ISA_USAGE = YES_ERROR;
				CLANG_WARN_DOCUMENTATION_COMMENTS = YES;
				CLANG_WARN_EMPTY_BODY = YES;
				CLANG_WARN_ENUM_CONVERSION = YES;
				CLANG_WARN_INFINITE_RECURSION = YES;
				CLANG_WARN_INT_CONVERSION = YES;
				CLANG_WARN_NON_LITERAL_NULL_CONVERSION = YES;
				CLANG_WARN_OBJC_IMPLICIT_RETAIN_CYCLE = YES;
				CLANG_WARN_OBJC_LITERAL_CONVERSION = YES;
				CLANG_WARN_OBJC_ROOT_CLASS = YES_ERROR;
				CLANG_WARN_QUOTED_INCLUDE_IN_FRAMEWORK_HEADER = YES;
				CLANG_WARN_RANGE_LOOP_ANALYSIS = YES;
				CLANG_WARN_STRICT_PROTOTYPES = YES;
				CLANG_WARN_SUSPICIOUS_MOVE = YES;
				CLANG_WARN_UNGUARDED_AVAILABILITY = YES_AGGRESSIVE;
				CLANG_WARN_UNREACHABLE_CODE = YES;
				CLANG_WARN__DUPLICATE_METHOD_MATCH = YES;
				COPY_PHASE_STRIP = NO;
				DEBUG_INFORMATION_FORMAT = dwarf;
				ENABLE_STRICT_OBJC_MSGSEND = YES;
				ENABLE_TESTABILITY = YES;
				ENABLE_USER_SCRIPT_SANDBOXING = YES;
				GCC_C_LANGUAGE_STANDARD = gnu17;
				GCC_DYNAMIC_NO_PIC = NO;
				GCC_NO_COMMON_BLOCKS = YES;
				GCC_OPTIMIZATION_LEVEL = 0;
				GCC_PREPROCESSOR_DEFINITIONS = (
					"DEBUG=1",
					"$(inherited)",
				);
				GCC_WARN_64_TO_32_BIT_CONVERSION = YES;
				GCC_WARN_ABOUT_RETURN_TYPE = YES_ERROR;
				GCC_WARN_UNDECLARED_SELECTOR = YES;
				GCC_WARN_UNINITIALIZED_AUTOS = YES_AGGRESSIVE;
				GCC_WARN_UNUSED_FUNCTION = YES;
				GCC_WARN_UNUSED_VARIABLE = YES;
				IPHONEOS_DEPLOYMENT_TARGET = 18.6;
				LOCALIZATION_PREFERS_STRING_CATALOGS = YES;
				MTL_ENABLE_DEBUG_INFO = INCLUDE_SOURCE;
				MTL_FAST_MATH = YES;
				ONLY_ACTIVE_ARCH = YES;
				SDKROOT = iphoneos;
				SWIFT_ACTIVE_COMPILATION_CONDITIONS = "DEBUG $(inherited)";
				SWIFT_OPTIMIZATION_LEVEL = "-Onone";
			};
			name = Debug;
		};
		AABBCCDD00000504AABBCCDD /* Release */ = {
			isa = XCBuildConfiguration;
			buildSettings = {
				ALWAYS_SEARCH_USER_PATHS = NO;
				ASSETCATALOG_COMPILER_GENERATE_SWIFT_ASSET_SYMBOL_EXTENSIONS = YES;
				CLANG_ANALYZER_NONNULL = YES;
				CLANG_ANALYZER_NUMBER_OBJECT_CONVERSION = YES_AGGRESSIVE;
				CLANG_CXX_LANGUAGE_STANDARD = "gnu++20";
				CLANG_ENABLE_MODULES = YES;
				CLANG_ENABLE_OBJC_ARC = YES;
				CLANG_ENABLE_OBJC_WEAK = YES;
				CLANG_WARN_BLOCK_CAPTURE_AUTORELEASING = YES;
				CLANG_WARN_BOOL_CONVERSION = YES;
				CLANG_WARN_COMMA = YES;
				CLANG_WARN_CONSTANT_CONVERSION = YES;
				CLANG_WARN_DEPRECATED_OBJC_IMPLEMENTATIONS = YES;
				CLANG_WARN_DIRECT_OBJC_ISA_USAGE = YES_ERROR;
				CLANG_WARN_DOCUMENTATION_COMMENTS = YES;
				CLANG_WARN_EMPTY_BODY = YES;
				CLANG_WARN_ENUM_CONVERSION = YES;
				CLANG_WARN_INFINITE_RECURSION = YES;
				CLANG_WARN_INT_CONVERSION = YES;
				CLANG_WARN_NON_LITERAL_NULL_CONVERSION = YES;
				CLANG_WARN_OBJC_IMPLICIT_RETAIN_CYCLE = YES;
				CLANG_WARN_OBJC_LITERAL_CONVERSION = YES;
				CLANG_WARN_OBJC_ROOT_CLASS = YES_ERROR;
				CLANG_WARN_QUOTED_INCLUDE_IN_FRAMEWORK_HEADER = YES;
				CLANG_WARN_RANGE_LOOP_ANALYSIS = YES;
				CLANG_WARN_STRICT_PROTOTYPES = YES;
				CLANG_WARN_SUSPICIOUS_MOVE = YES;
				CLANG_WARN_UNGUARDED_AVAILABILITY = YES_AGGRESSIVE;
				CLANG_WARN_UNREACHABLE_CODE = YES;
				CLANG_WARN__DUPLICATE_METHOD_MATCH = YES;
				COPY_PHASE_STRIP = NO;
				DEBUG_INFORMATION_FORMAT = "dwarf-with-dsym";
				ENABLE_NS_ASSERTIONS = NO;
				ENABLE_STRICT_OBJC_MSGSEND = YES;
				ENABLE_USER_SCRIPT_SANDBOXING = YES;
				GCC_C_LANGUAGE_STANDARD = gnu17;
				GCC_NO_COMMON_BLOCKS = YES;
				GCC_WARN_64_TO_32_BIT_CONVERSION = YES;
				GCC_WARN_ABOUT_RETURN_TYPE = YES_ERROR;
				GCC_WARN_UNDECLARED_SELECTOR = YES;
				GCC_WARN_UNINITIALIZED_AUTOS = YES_AGGRESSIVE;
				GCC_WARN_UNUSED_FUNCTION = YES;
				GCC_WARN_UNUSED_VARIABLE = YES;
				IPHONEOS_DEPLOYMENT_TARGET = 18.6;
				LOCALIZATION_PREFERS_STRING_CATALOGS = YES;
				MTL_FAST_MATH = YES;
				SDKROOT = iphoneos;
				SWIFT_COMPILATION_MODE = wholemodule;
				VALIDATE_PRODUCT = YES;
			};
			name = Release;
		};
		AABBCCDD00000505AABBCCDD /* Debug */ = {
			isa = XCBuildConfiguration;
			buildSettings = {
				BUNDLE_LOADER = "$(TEST_HOST)";
				CODE_SIGN_STYLE = Automatic;
				CURRENT_PROJECT_VERSION = 1;
				GENERATE_INFOPLIST_FILE = YES;
				IPHONEOS_DEPLOYMENT_TARGET = 18.6;
				MARKETING_VERSION = 1.0;
				PRODUCT_BUNDLE_IDENTIFIER = com.marchein.WhateverScannerTests;
				PRODUCT_NAME = "$(TARGET_NAME)";
				SWIFT_EMIT_LOC_STRINGS = NO;
				SWIFT_VERSION = 5.0;
				TARGETED_DEVICE_FAMILY = 1;
				TEST_HOST = "$(BUILT_PRODUCTS_DIR)/WhateverScanner.app/$(BUNDLE_EXECUTABLE_FOLDER_PATH)/WhateverScanner";
			};
			name = Debug;
		};
		AABBCCDD00000506AABBCCDD /* Release */ = {
			isa = XCBuildConfiguration;
			buildSettings = {
				BUNDLE_LOADER = "$(TEST_HOST)";
				CODE_SIGN_STYLE = Automatic;
				CURRENT_PROJECT_VERSION = 1;
				GENERATE_INFOPLIST_FILE = YES;
				IPHONEOS_DEPLOYMENT_TARGET = 18.6;
				MARKETING_VERSION = 1.0;
				PRODUCT_BUNDLE_IDENTIFIER = com.marchein.WhateverScannerTests;
				PRODUCT_NAME = "$(TARGET_NAME)";
				SWIFT_EMIT_LOC_STRINGS = NO;
				SWIFT_VERSION = 5.0;
				TARGETED_DEVICE_FAMILY = 1;
				TEST_HOST = "$(BUILT_PRODUCTS_DIR)/WhateverScanner.app/$(BUNDLE_EXECUTABLE_FOLDER_PATH)/WhateverScanner";
			};
			name = Release;
		};
/* End XCBuildConfiguration section */

/* Begin XCConfigurationList section */
		AABBCCDD00000507AABBCCDD /* Build configuration list for PBXNativeTarget "WhateverScanner" */ = {
			isa = XCConfigurationList;
			buildConfigurations = (
				AABBCCDD00000501AABBCCDD /* Debug */,
				AABBCCDD00000502AABBCCDD /* Release */,
			);
			defaultConfigurationIsVisible = 0;
			defaultConfigurationName = Release;
		};
		AABBCCDD00000508AABBCCDD /* Build configuration list for PBXProject "WhateverScanner" */ = {
			isa = XCConfigurationList;
			buildConfigurations = (
				AABBCCDD00000503AABBCCDD /* Debug */,
				AABBCCDD00000504AABBCCDD /* Release */,
			);
			defaultConfigurationIsVisible = 0;
			defaultConfigurationName = Release;
		};
		AABBCCDD00000509AABBCCDD /* Build configuration list for PBXNativeTarget "WhateverScannerTests" */ = {
			isa = XCConfigurationList;
			buildConfigurations = (
				AABBCCDD00000505AABBCCDD /* Debug */,
				AABBCCDD00000506AABBCCDD /* Release */,
			);
			defaultConfigurationIsVisible = 0;
			defaultConfigurationName = Release;
		};
/* End XCConfigurationList section */
	};
	rootObject = AABBCCDD00000001AABBCCDD /* Project object */;
}
